PODS:
  - connectivity_plus (0.0.1):
    - Flutter
    - FlutterMacOS
  - Flutter (1.0.0)
  - flutter_local_notifications (0.0.1):
    - Flutter
  - path_provider_foundation (0.0.1):
    - Flutter
    - FlutterMacOS
  - status_bar_control (3.2.1):
    - Flutter
  - url_launcher_ios (0.0.1):
    - Flutter

DEPENDENCIES:
  - connectivity_plus (from `.symlinks/plugins/connectivity_plus/darwin`)
  - Flutter (from `Flutter`)
  - flutter_local_notifications (from `.symlinks/plugins/flutter_local_notifications/ios`)
  - path_provider_foundation (from `.symlinks/plugins/path_provider_foundation/darwin`)
  - status_bar_control (from `.symlinks/plugins/status_bar_control/ios`)
  - url_launcher_ios (from `.symlinks/plugins/url_launcher_ios/ios`)

EXTERNAL SOURCES:
  connectivity_plus:
    :path: ".symlinks/plugins/connectivity_plus/darwin"
  Flutter:
    :path: Flutter
  flutter_local_notifications:
    :path: ".symlinks/plugins/flutter_local_notifications/ios"
  path_provider_foundation:
    :path: ".symlinks/plugins/path_provider_foundation/darwin"
  status_bar_control:
    :path: ".symlinks/plugins/status_bar_control/ios"
  url_launcher_ios:
    :path: ".symlinks/plugins/url_launcher_ios/ios"

SPEC CHECKSUMS:
  connectivity_plus: 2256d3e20624a7749ed21653aafe291a46446fee
  Flutter: cabc95a1d2626b1b06e7179b784ebcf0c0cde467
  flutter_local_notifications: 395056b3175ba4f08480a7c5de30cd36d69827e4
  path_provider_foundation: 080d55be775b7414fd5a5ef3ac137b97b097e564
  status_bar_control: fe3e1813ad6f09b5e06271df7e0e1e35fd356461
  url_launcher_ios: 694010445543906933d732453a59da0a173ae33d

PODFILE CHECKSUM: 4f1c12611da7338d21589c0b2ecd6bd20b109694

COCOAPODS: 1.16.2
